
Microsoft Visual Studio Solution File, Format Version 12.00
# Visual Studio 15
VisualStudioVersion = 15.0.27703.2035
MinimumVisualStudioVersion = 10.0.40219.1
Project("{FAE04EC0-301F-11D3-BF4B-00C04F79EFBC}") = "Metro", "Metro\Metro.csproj", "{D2ECD4B2-6A3F-404B-9079-18087D628FFD}"
EndProject
Project("{FAE04EC0-301F-11D3-BF4B-00C04F79EFBC}") = "MaBibliotheque", "MaBibliotheque\MaBibliotheque.csproj", "{ABB75364-8FDD-478A-9B7E-FD65689EDEBA}"
EndProject
Project("{FAE04EC0-301F-11D3-BF4B-00C04F79EFBC}") = "MetroWPF", "MetroMVVM_G\MetroWPF.csproj", "{478E9E62-3574-4584-A3DB-074735F1E6A4}"
	ProjectSection(ProjectDependencies) = postProject
		{ABB75364-8FDD-478A-9B7E-FD65689EDEBA} = {ABB75364-8FDD-478A-9B7E-FD65689EDEBA}
	EndProjectSection
EndProject
Project("{FAE04EC0-301F-11D3-BF4B-00C04F79EFBC}") = "MetroMVVM", "MetroMVVM\MetroMVVM.csproj", "{9F356513-69BD-4560-B4BB-F2D6801CB7DE}"
	ProjectSection(ProjectDependencies) = postProject
		{ABB75364-8FDD-478A-9B7E-FD65689EDEBA} = {ABB75364-8FDD-478A-9B7E-FD65689EDEBA}
	EndProjectSection
EndProject
Global
	GlobalSection(SolutionConfigurationPlatforms) = preSolution
		Debug|Any CPU = Debug|Any CPU
		Release|Any CPU = Release|Any CPU
	EndGlobalSection
	GlobalSection(ProjectConfigurationPlatforms) = postSolution
		{D2ECD4B2-6A3F-404B-9079-18087D628FFD}.Debug|Any CPU.ActiveCfg = Debug|Any CPU
		{D2ECD4B2-6A3F-404B-9079-18087D628FFD}.Debug|Any CPU.Build.0 = Debug|Any CPU
		{D2ECD4B2-6A3F-404B-9079-18087D628FFD}.Release|Any CPU.ActiveCfg = Release|Any CPU
		{D2ECD4B2-6A3F-404B-9079-18087D628FFD}.Release|Any CPU.Build.0 = Release|Any CPU
		{ABB75364-8FDD-478A-9B7E-FD65689EDEBA}.Debug|Any CPU.ActiveCfg = Debug|Any CPU
		{ABB75364-8FDD-478A-9B7E-FD65689EDEBA}.Debug|Any CPU.Build.0 = Debug|Any CPU
		{ABB75364-8FDD-478A-9B7E-FD65689EDEBA}.Release|Any CPU.ActiveCfg = Release|Any CPU
		{ABB75364-8FDD-478A-9B7E-FD65689EDEBA}.Release|Any CPU.Build.0 = Release|Any CPU
		{478E9E62-3574-4584-A3DB-074735F1E6A4}.Debug|Any CPU.ActiveCfg = Debug|Any CPU
		{478E9E62-3574-4584-A3DB-074735F1E6A4}.Debug|Any CPU.Build.0 = Debug|Any CPU
		{478E9E62-3574-4584-A3DB-074735F1E6A4}.Release|Any CPU.ActiveCfg = Release|Any CPU
		{478E9E62-3574-4584-A3DB-074735F1E6A4}.Release|Any CPU.Build.0 = Release|Any CPU
		{9F356513-69BD-4560-B4BB-F2D6801CB7DE}.Debug|Any CPU.ActiveCfg = Debug|Any CPU
		{9F356513-69BD-4560-B4BB-F2D6801CB7DE}.Debug|Any CPU.Build.0 = Debug|Any CPU
		{9F356513-69BD-4560-B4BB-F2D6801CB7DE}.Release|Any CPU.ActiveCfg = Release|Any CPU
		{9F356513-69BD-4560-B4BB-F2D6801CB7DE}.Release|Any CPU.Build.0 = Release|Any CPU
	EndGlobalSection
	GlobalSection(SolutionProperties) = preSolution
		HideSolutionNode = FALSE
	EndGlobalSection
	GlobalSection(ExtensibilityGlobals) = postSolution
		SolutionGuid = {33D77C7B-CD70-481B-891C-257CE3716630}
	EndGlobalSection
EndGlobal
